
Microsoft Visual Studio Solution File, Format Version 12.00
Project("{FAE04EC0-301F-11D3-BF4B-00C04F79EFBC}") = "ProductsOrganizer.Web", "ProductsOrganizer.Web\ProductsOrganizer.Web.csproj", "{1AC6B5C3-BB4D-42FD-87C2-4A2468F224EE}"
EndProject
Global
	GlobalSection(SolutionConfigurationPlatforms) = preSolution
		Debug|Any CPU = Debug|Any CPU
		Release|Any CPU = Release|Any CPU
	EndGlobalSection
	GlobalSection(ProjectConfigurationPlatforms) = postSolution
		{1AC6B5C3-BB4D-42FD-87C2-4A2468F224EE}.Debug|Any CPU.ActiveCfg = Debug|Any CPU
		{1AC6B5C3-BB4D-42FD-87C2-4A2468F224EE}.Debug|Any CPU.Build.0 = Debug|Any CPU
		{1AC6B5C3-BB4D-42FD-87C2-4A2468F224EE}.Release|Any CPU.ActiveCfg = Release|Any CPU
		{1AC6B5C3-BB4D-42FD-87C2-4A2468F224EE}.Release|Any CPU.Build.0 = Release|Any CPU
	EndGlobalSection
EndGlobal
